
Microsoft Visual Studio Solution File, Format Version 12.00
# Visual Studio 15
VisualStudioVersion = 15.0.27130.2036
MinimumVisualStudioVersion = 10.0.40219.1
Project("{FAE04EC0-301F-11D3-BF4B-00C04F79EFBC}") = "ConsoleApp1", "ConsoleApp1\ConsoleApp1.csproj", "{F246CDB6-C919-47EA-9297-E58779A7BE58}"
EndProject
Global
	GlobalSection(SolutionConfigurationPlatforms) = preSolution
		Debug|Any CPU = Debug|Any CPU
		Release|Any CPU = Release|Any CPU
	EndGlobalSection
	GlobalSection(ProjectConfigurationPlatforms) = postSolution
		{F246CDB6-C919-47EA-9297-E58779A7BE58}.Debug|Any CPU.ActiveCfg = Debug|Any CPU
		{F246CDB6-C919-47EA-9297-E58779A7BE58}.Debug|Any CPU.Build.0 = Debug|Any CPU
		{F246CDB6-C919-47EA-9297-E58779A7BE58}.Release|Any CPU.ActiveCfg = Release|Any CPU
		{F246CDB6-C919-47EA-9297-E58779A7BE58}.Release|Any CPU.Build.0 = Release|Any CPU
	EndGlobalSection
	GlobalSection(SolutionProperties) = preSolution
		HideSolutionNode = FALSE
	EndGlobalSection
	GlobalSection(ExtensibilityGlobals) = postSolution
		SolutionGuid = {D2AF319D-04EB-45B8-8329-EEA76A0C57A8}
	EndGlobalSection
EndGlobal
